// !$*UTF8*$!
{
	archiveVersion = 1;
	classes = {
	};
	objectVersion = 50;
	objects = {

/* Begin PBXBuildFile section */
		BDA64420264EE6C100CE8FD2 /* AppDelegate.swift in Sources */ = {isa = PBXBuildFile; fileRef = BDA6441F264EE6C100CE8FD2 /* AppDelegate.swift */; };
		BDA64422264EE6C100CE8FD2 /* SceneDelegate.swift in Sources */ = {isa = PBXBuildFile; fileRef = BDA64421264EE6C100CE8FD2 /* SceneDelegate.swift */; };
		BDA64424264EE6C100CE8FD2 /* ViewController.swift in Sources */ = {isa = PBXBuildFile; fileRef = BDA64423264EE6C100CE8FD2 /* ViewController.swift */; };
		BDA64427264EE6C100CE8FD2 /* Main.storyboard in Resources */ = {isa = PBXBuildFile; fileRef = BDA64425264EE6C100CE8FD2 /* Main.storyboard */; };
		BDA64429264EE6C500CE8FD2 /* Assets.xcassets in Resources */ = {isa = PBXBuildFile; fileRef = BDA64428264EE6C500CE8FD2 /* Assets.xcassets */; };
		BDA6442C264EE6C500CE8FD2 /* LaunchScreen.storyboard in Resources */ = {isa = PBXBuildFile; fileRef = BDA6442A264EE6C500CE8FD2 /* LaunchScreen.storyboard */; };
		BDA64437264EE6C500CE8FD2 /* PatternsTests.swift in Sources */ = {isa = PBXBuildFile; fileRef = BDA64436264EE6C500CE8FD2 /* PatternsTests.swift */; };
		BDA64442264EE6C500CE8FD2 /* PatternsUITests.swift in Sources */ = {isa = PBXBuildFile; fileRef = BDA64441264EE6C500CE8FD2 /* PatternsUITests.swift */; };
		BDA64453264FFCE100CE8FD2 /* Product.swift in Sources */ = {isa = PBXBuildFile; fileRef = BDA64452264FFCE100CE8FD2 /* Product.swift */; };
		BDA64458264FFEB600CE8FD2 /* ShoppingCart.swift in Sources */ = {isa = PBXBuildFile; fileRef = BDA64457264FFEB600CE8FD2 /* ShoppingCart.swift */; };
		BDA6445D265018FD00CE8FD2 /* Protocols.swift in Sources */ = {isa = PBXBuildFile; fileRef = BDA6445C265018FD00CE8FD2 /* Protocols.swift */; };
		BDA644632650198D00CE8FD2 /* CheapestFree.swift in Sources */ = {isa = PBXBuildFile; fileRef = BDA644622650198D00CE8FD2 /* CheapestFree.swift */; };
		BDA6446826501CC600CE8FD2 /* ThreeForTwo.swift in Sources */ = {isa = PBXBuildFile; fileRef = BDA6446726501CC600CE8FD2 /* ThreeForTwo.swift */; };
		BDA6446D2650227D00CE8FD2 /* TenPercentOffTotal.swift in Sources */ = {isa = PBXBuildFile; fileRef = BDA6446C2650227D00CE8FD2 /* TenPercentOffTotal.swift */; };
		BDA64472265023BF00CE8FD2 /* DiscountManager.swift in Sources */ = {isa = PBXBuildFile; fileRef = BDA64471265023BF00CE8FD2 /* DiscountManager.swift */; };
		BDA644772650852E00CE8FD2 /* .gitignore in Resources */ = {isa = PBXBuildFile; fileRef = BDA644762650852E00CE8FD2 /* .gitignore */; };
/* End PBXBuildFile section */

/* Begin PBXContainerItemProxy section */
		BDA64433264EE6C500CE8FD2 /* PBXContainerItemProxy */ = {
			isa = PBXContainerItemProxy;
			containerPortal = BDA64414264EE6C100CE8FD2 /* Project object */;
			proxyType = 1;
			remoteGlobalIDString = BDA6441B264EE6C100CE8FD2;
			remoteInfo = Patterns;
		};
		BDA6443E264EE6C500CE8FD2 /* PBXContainerItemProxy */ = {
			isa = PBXContainerItemProxy;
			containerPortal = BDA64414264EE6C100CE8FD2 /* Project object */;
			proxyType = 1;
			remoteGlobalIDString = BDA6441B264EE6C100CE8FD2;
			remoteInfo = Patterns;
		};
/* End PBXContainerItemProxy section */

/* Begin PBXFileReference section */
		BDA6441C264EE6C100CE8FD2 /* Patterns.app */ = {isa = PBXFileReference; explicitFileType = wrapper.application; includeInIndex = 0; path = Patterns.app; sourceTree = BUILT_PRODUCTS_DIR; };
		BDA6441F264EE6C100CE8FD2 /* AppDelegate.swift */ = {isa = PBXFileReference; lastKnownFileType = sourcecode.swift; path = AppDelegate.swift; sourceTree = "<group>"; };
		BDA64421264EE6C100CE8FD2 /* SceneDelegate.swift */ = {isa = PBXFileReference; lastKnownFileType = sourcecode.swift; path = SceneDelegate.swift; sourceTree = "<group>"; };
		BDA64423264EE6C100CE8FD2 /* ViewController.swift */ = {isa = PBXFileReference; lastKnownFileType = sourcecode.swift; path = ViewController.swift; sourceTree = "<group>"; };
		BDA64426264EE6C100CE8FD2 /* Base */ = {isa = PBXFileReference; lastKnownFileType = file.storyboard; name = Base; path = Base.lproj/Main.storyboard; sourceTree = "<group>"; };
		BDA64428264EE6C500CE8FD2 /* Assets.xcassets */ = {isa = PBXFileReference; lastKnownFileType = folder.assetcatalog; path = Assets.xcassets; sourceTree = "<group>"; };
		BDA6442B264EE6C500CE8FD2 /* Base */ = {isa = PBXFileReference; lastKnownFileType = file.storyboard; name = Base; path = Base.lproj/LaunchScreen.storyboard; sourceTree = "<group>"; };
		BDA6442D264EE6C500CE8FD2 /* Info.plist */ = {isa = PBXFileReference; lastKnownFileType = text.plist.xml; path = Info.plist; sourceTree = "<group>"; };
		BDA64432264EE6C500CE8FD2 /* PatternsTests.xctest */ = {isa = PBXFileReference; explicitFileType = wrapper.cfbundle; includeInIndex = 0; path = PatternsTests.xctest; sourceTree = BUILT_PRODUCTS_DIR; };
		BDA64436264EE6C500CE8FD2 /* PatternsTests.swift */ = {isa = PBXFileReference; lastKnownFileType = sourcecode.swift; path = PatternsTests.swift; sourceTree = "<group>"; };
		BDA64438264EE6C500CE8FD2 /* Info.plist */ = {isa = PBXFileReference; lastKnownFileType = text.plist.xml; path = Info.plist; sourceTree = "<group>"; };
		BDA6443D264EE6C500CE8FD2 /* PatternsUITests.xctest */ = {isa = PBXFileReference; explicitFileType = wrapper.cfbundle; includeInIndex = 0; path = PatternsUITests.xctest; sourceTree = BUILT_PRODUCTS_DIR; };
		BDA64441264EE6C500CE8FD2 /* PatternsUITests.swift */ = {isa = PBXFileReference; lastKnownFileType = sourcecode.swift; path = PatternsUITests.swift; sourceTree = "<group>"; };
		BDA64443264EE6C500CE8FD2 /* Info.plist */ = {isa = PBXFileReference; lastKnownFileType = text.plist.xml; path = Info.plist; sourceTree = "<group>"; };
		BDA64452264FFCE100CE8FD2 /* Product.swift */ = {isa = PBXFileReference; lastKnownFileType = sourcecode.swift; path = Product.swift; sourceTree = "<group>"; };
		BDA64457264FFEB600CE8FD2 /* ShoppingCart.swift */ = {isa = PBXFileReference; lastKnownFileType = sourcecode.swift; path = ShoppingCart.swift; sourceTree = "<group>"; };
		BDA6445C265018FD00CE8FD2 /* Protocols.swift */ = {isa = PBXFileReference; lastKnownFileType = sourcecode.swift; path = Protocols.swift; sourceTree = "<group>"; };
		BDA644622650198D00CE8FD2 /* CheapestFree.swift */ = {isa = PBXFileReference; lastKnownFileType = sourcecode.swift; path = CheapestFree.swift; sourceTree = "<group>"; };
		BDA6446726501CC600CE8FD2 /* ThreeForTwo.swift */ = {isa = PBXFileReference; lastKnownFileType = sourcecode.swift; path = ThreeForTwo.swift; sourceTree = "<group>"; };
		BDA6446C2650227D00CE8FD2 /* TenPercentOffTotal.swift */ = {isa = PBXFileReference; lastKnownFileType = sourcecode.swift; path = TenPercentOffTotal.swift; sourceTree = "<group>"; };
		BDA64471265023BF00CE8FD2 /* DiscountManager.swift */ = {isa = PBXFileReference; lastKnownFileType = sourcecode.swift; path = DiscountManager.swift; sourceTree = "<group>"; };
		BDA644762650852E00CE8FD2 /* .gitignore */ = {isa = PBXFileReference; lastKnownFileType = text; path = .gitignore; sourceTree = "<group>"; };
/* End PBXFileReference section */

/* Begin PBXFrameworksBuildPhase section */
		BDA64419264EE6C100CE8FD2 /* Frameworks */ = {
			isa = PBXFrameworksBuildPhase;
			buildActionMask = 2147483647;
			files = (
			);
			runOnlyForDeploymentPostprocessing = 0;
		};
		BDA6442F264EE6C500CE8FD2 /* Frameworks */ = {
			isa = PBXFrameworksBuildPhase;
			buildActionMask = 2147483647;
			files = (
			);
			runOnlyForDeploymentPostprocessing = 0;
		};
		BDA6443A264EE6C500CE8FD2 /* Frameworks */ = {
			isa = PBXFrameworksBuildPhase;
			buildActionMask = 2147483647;
			files = (
			);
			runOnlyForDeploymentPostprocessing = 0;
		};
/* End PBXFrameworksBuildPhase section */

/* Begin PBXGroup section */
		BDA64413264EE6C100CE8FD2 = {
			isa = PBXGroup;
			children = (
				BDA644762650852E00CE8FD2 /* .gitignore */,
				BDA6441E264EE6C100CE8FD2 /* Patterns */,
				BDA64435264EE6C500CE8FD2 /* PatternsTests */,
				BDA64440264EE6C500CE8FD2 /* PatternsUITests */,
				BDA6441D264EE6C100CE8FD2 /* Products */,
			);
			sourceTree = "<group>";
		};
		BDA6441D264EE6C100CE8FD2 /* Products */ = {
			isa = PBXGroup;
			children = (
				BDA6441C264EE6C100CE8FD2 /* Patterns.app */,
				BDA64432264EE6C500CE8FD2 /* PatternsTests.xctest */,
				BDA6443D264EE6C500CE8FD2 /* PatternsUITests.xctest */,
			);
			name = Products;
			sourceTree = "<group>";
		};
		BDA6441E264EE6C100CE8FD2 /* Patterns */ = {
			isa = PBXGroup;
			children = (
				BDA644612650197800CE8FD2 /* Discounts */,
				BDA6441F264EE6C100CE8FD2 /* AppDelegate.swift */,
				BDA64421264EE6C100CE8FD2 /* SceneDelegate.swift */,
				BDA64423264EE6C100CE8FD2 /* ViewController.swift */,
				BDA64425264EE6C100CE8FD2 /* Main.storyboard */,
				BDA64428264EE6C500CE8FD2 /* Assets.xcassets */,
				BDA6442A264EE6C500CE8FD2 /* LaunchScreen.storyboard */,
				BDA6442D264EE6C500CE8FD2 /* Info.plist */,
				BDA64452264FFCE100CE8FD2 /* Product.swift */,
				BDA64457264FFEB600CE8FD2 /* ShoppingCart.swift */,
				BDA6445C265018FD00CE8FD2 /* Protocols.swift */,
			);
			path = Patterns;
			sourceTree = "<group>";
		};
		BDA64435264EE6C500CE8FD2 /* PatternsTests */ = {
			isa = PBXGroup;
			children = (
				BDA64436264EE6C500CE8FD2 /* PatternsTests.swift */,
				BDA64438264EE6C500CE8FD2 /* Info.plist */,
			);
			path = PatternsTests;
			sourceTree = "<group>";
		};
		BDA64440264EE6C500CE8FD2 /* PatternsUITests */ = {
			isa = PBXGroup;
			children = (
				BDA64441264EE6C500CE8FD2 /* PatternsUITests.swift */,
				BDA64443264EE6C500CE8FD2 /* Info.plist */,
			);
			path = PatternsUITests;
			sourceTree = "<group>";
		};
		BDA644612650197800CE8FD2 /* Discounts */ = {
			isa = PBXGroup;
			children = (
				BDA644622650198D00CE8FD2 /* CheapestFree.swift */,
				BDA6446726501CC600CE8FD2 /* ThreeForTwo.swift */,
				BDA6446C2650227D00CE8FD2 /* TenPercentOffTotal.swift */,
				BDA64471265023BF00CE8FD2 /* DiscountManager.swift */,
			);
			path = Discounts;
			sourceTree = "<group>";
		};
/* End PBXGroup section */

/* Begin PBXNativeTarget section */
		BDA6441B264EE6C100CE8FD2 /* Patterns */ = {
			isa = PBXNativeTarget;
			buildConfigurationList = BDA64446264EE6C500CE8FD2 /* Build configuration list for PBXNativeTarget "Patterns" */;
			buildPhases = (
				BDA64418264EE6C100CE8FD2 /* Sources */,
				BDA64419264EE6C100CE8FD2 /* Frameworks */,
				BDA6441A264EE6C100CE8FD2 /* Resources */,
			);
			buildRules = (
			);
			dependencies = (
			);
			name = Patterns;
			productName = Patterns;
			productReference = BDA6441C264EE6C100CE8FD2 /* Patterns.app */;
			productType = "com.apple.product-type.application";
		};
		BDA64431264EE6C500CE8FD2 /* PatternsTests */ = {
			isa = PBXNativeTarget;
			buildConfigurationList = BDA64449264EE6C500CE8FD2 /* Build configuration list for PBXNativeTarget "PatternsTests" */;
			buildPhases = (
				BDA6442E264EE6C500CE8FD2 /* Sources */,
				BDA6442F264EE6C500CE8FD2 /* Frameworks */,
				BDA64430264EE6C500CE8FD2 /* Resources */,
			);
			buildRules = (
			);
			dependencies = (
				BDA64434264EE6C500CE8FD2 /* PBXTargetDependency */,
			);
			name = PatternsTests;
			productName = PatternsTests;
			productReference = BDA64432264EE6C500CE8FD2 /* PatternsTests.xctest */;
			productType = "com.apple.product-type.bundle.unit-test";
		};
		BDA6443C264EE6C500CE8FD2 /* PatternsUITests */ = {
			isa = PBXNativeTarget;
			buildConfigurationList = BDA6444C264EE6C500CE8FD2 /* Build configuration list for PBXNativeTarget "PatternsUITests" */;
			buildPhases = (
				BDA64439264EE6C500CE8FD2 /* Sources */,
				BDA6443A264EE6C500CE8FD2 /* Frameworks */,
				BDA6443B264EE6C500CE8FD2 /* Resources */,
			);
			buildRules = (
			);
			dependencies = (
				BDA6443F264EE6C500CE8FD2 /* PBXTargetDependency */,
			);
			name = PatternsUITests;
			productName = PatternsUITests;
			productReference = BDA6443D264EE6C500CE8FD2 /* PatternsUITests.xctest */;
			productType = "com.apple.product-type.bundle.ui-testing";
		};
/* End PBXNativeTarget section */

/* Begin PBXProject section */
		BDA64414264EE6C100CE8FD2 /* Project object */ = {
			isa = PBXProject;
			attributes = {
				LastSwiftUpdateCheck = 1210;
				LastUpgradeCheck = 1210;
				TargetAttributes = {
					BDA6441B264EE6C100CE8FD2 = {
						CreatedOnToolsVersion = 12.1;
					};
					BDA64431264EE6C500CE8FD2 = {
						CreatedOnToolsVersion = 12.1;
						TestTargetID = BDA6441B264EE6C100CE8FD2;
					};
					BDA6443C264EE6C500CE8FD2 = {
						CreatedOnToolsVersion = 12.1;
						TestTargetID = BDA6441B264EE6C100CE8FD2;
					};
				};
			};
			buildConfigurationList = BDA64417264EE6C100CE8FD2 /* Build configuration list for PBXProject "Patterns" */;
			compatibilityVersion = "Xcode 9.3";
			developmentRegion = en;
			hasScannedForEncodings = 0;
			knownRegions = (
				en,
				Base,
			);
			mainGroup = BDA64413264EE6C100CE8FD2;
			productRefGroup = BDA6441D264EE6C100CE8FD2 /* Products */;
			projectDirPath = "";
			projectRoot = "";
			targets = (
				BDA6441B264EE6C100CE8FD2 /* Patterns */,
				BDA64431264EE6C500CE8FD2 /* PatternsTests */,
				BDA6443C264EE6C500CE8FD2 /* PatternsUITests */,
			);
		};
/* End PBXProject section */

/* Begin PBXResourcesBuildPhase section */
		BDA6441A264EE6C100CE8FD2 /* Resources */ = {
			isa = PBXResourcesBuildPhase;
			buildActionMask = 2147483647;
			files = (
				BDA644772650852E00CE8FD2 /* .gitignore in Resources */,
				BDA6442C264EE6C500CE8FD2 /* LaunchScreen.storyboard in Resources */,
				BDA64429264EE6C500CE8FD2 /* Assets.xcassets in Resources */,
				BDA64427264EE6C100CE8FD2 /* Main.storyboard in Resources */,
			);
			runOnlyForDeploymentPostprocessing = 0;
		};
		BDA64430264EE6C500CE8FD2 /* Resources */ = {
			isa = PBXResourcesBuildPhase;
			buildActionMask = 2147483647;
			files = (
			);
			runOnlyForDeploymentPostprocessing = 0;
		};
		BDA6443B264EE6C500CE8FD2 /* Resources */ = {
			isa = PBXResourcesBuildPhase;
			buildActionMask = 2147483647;
			files = (
			);
			runOnlyForDeploymentPostprocessing = 0;
		};
/* End PBXResourcesBuildPhase section */

/* Begin PBXSourcesBuildPhase section */
		BDA64418264EE6C100CE8FD2 /* Sources */ = {
			isa = PBXSourcesBuildPhase;
			buildActionMask = 2147483647;
			files = (
				BDA64472265023BF00CE8FD2 /* DiscountManager.swift in Sources */,
				BDA64458264FFEB600CE8FD2 /* ShoppingCart.swift in Sources */,
				BDA64424264EE6C100CE8FD2 /* ViewController.swift in Sources */,
				BDA64453264FFCE100CE8FD2 /* Product.swift in Sources */,
				BDA6445D265018FD00CE8FD2 /* Protocols.swift in Sources */,
				BDA64420264EE6C100CE8FD2 /* AppDelegate.swift in Sources */,
				BDA6446826501CC600CE8FD2 /* ThreeForTwo.swift in Sources */,
				BDA6446D2650227D00CE8FD2 /* TenPercentOffTotal.swift in Sources */,
				BDA64422264EE6C100CE8FD2 /* SceneDelegate.swift in Sources */,
				BDA644632650198D00CE8FD2 /* CheapestFree.swift in Sources */,
			);
			runOnlyForDeploymentPostprocessing = 0;
		};
		BDA6442E264EE6C500CE8FD2 /* Sources */ = {
			isa = PBXSourcesBuildPhase;
			buildActionMask = 2147483647;
			files = (
				BDA64437264EE6C500CE8FD2 /* PatternsTests.swift in Sources */,
			);
			runOnlyForDeploymentPostprocessing = 0;
		};
		BDA64439264EE6C500CE8FD2 /* Sources */ = {
			isa = PBXSourcesBuildPhase;
			buildActionMask = 2147483647;
			files = (
				BDA64442264EE6C500CE8FD2 /* PatternsUITests.swift in Sources */,
			);
			runOnlyForDeploymentPostprocessing = 0;
		};
/* End PBXSourcesBuildPhase section */

/* Begin PBXTargetDependency section */
		BDA64434264EE6C500CE8FD2 /* PBXTargetDependency */ = {
			isa = PBXTargetDependency;
			target = BDA6441B264EE6C100CE8FD2 /* Patterns */;
			targetProxy = BDA64433264EE6C500CE8FD2 /* PBXContainerItemProxy */;
		};
		BDA6443F264EE6C500CE8FD2 /* PBXTargetDependency */ = {
			isa = PBXTargetDependency;
			target = BDA6441B264EE6C100CE8FD2 /* Patterns */;
			targetProxy = BDA6443E264EE6C500CE8FD2 /* PBXContainerItemProxy */;
		};
/* End PBXTargetDependency section */

/* Begin PBXVariantGroup section */
		BDA64425264EE6C100CE8FD2 /* Main.storyboard */ = {
			isa = PBXVariantGroup;
			children = (
				BDA64426264EE6C100CE8FD2 /* Base */,
			);
			name = Main.storyboard;
			sourceTree = "<group>";
		};
		BDA6442A264EE6C500CE8FD2 /* LaunchScreen.storyboard */ = {
			isa = PBXVariantGroup;
			children = (
				BDA6442B264EE6C500CE8FD2 /* Base */,
			);
			name = LaunchScreen.storyboard;
			sourceTree = "<group>";
		};
/* End PBXVariantGroup section */

/* Begin XCBuildConfiguration section */
		BDA64444264EE6C500CE8FD2 /* Debug */ = {
			isa = XCBuildConfiguration;
			buildSettings = {
				ALWAYS_SEARCH_USER_PATHS = NO;
				CLANG_ANALYZER_NONNULL = YES;
				CLANG_ANALYZER_NUMBER_OBJECT_CONVERSION = YES_AGGRESSIVE;
				CLANG_CXX_LANGUAGE_STANDARD = "gnu++14";
				CLANG_CXX_LIBRARY = "libc++";
				CLANG_ENABLE_MODULES = YES;
				CLANG_ENABLE_OBJC_ARC = YES;
				CLANG_ENABLE_OBJC_WEAK = YES;
				CLANG_WARN_BLOCK_CAPTURE_AUTORELEASING = YES;
				CLANG_WARN_BOOL_CONVERSION = YES;
				CLANG_WARN_COMMA = YES;
				CLANG_WARN_CONSTANT_CONVERSION = YES;
				CLANG_WARN_DEPRECATED_OBJC_IMPLEMENTATIONS = YES;
				CLANG_WARN_DIRECT_OBJC_ISA_USAGE = YES_ERROR;
				CLANG_WARN_DOCUMENTATION_COMMENTS = YES;
				CLANG_WARN_EMPTY_BODY = YES;
				CLANG_WARN_ENUM_CONVERSION = YES;
				CLANG_WARN_INFINITE_RECURSION = YES;
				CLANG_WARN_INT_CONVERSION = YES;
				CLANG_WARN_NON_LITERAL_NULL_CONVERSION = YES;
				CLANG_WARN_OBJC_IMPLICIT_RETAIN_SELF = YES;
				CLANG_WARN_OBJC_LITERAL_CONVERSION = YES;
				CLANG_WARN_OBJC_ROOT_CLASS = YES_ERROR;
				CLANG_WARN_QUOTED_INCLUDE_IN_FRAMEWORK_HEADER = YES;
				CLANG_WARN_RANGE_LOOP_ANALYSIS = YES;
				CLANG_WARN_STRICT_PROTOTYPES = YES;
				CLANG_WARN_SUSPICIOUS_MOVE = YES;
				CLANG_WARN_UNGUARDED_AVAILABILITY = YES_AGGRESSIVE;
				CLANG_WARN_UNREACHABLE_CODE = YES;
				CLANG_WARN__DUPLICATE_METHOD_MATCH = YES;
				COPY_PHASE_STRIP = NO;
				DEBUG_INFORMATION_FORMAT = dwarf;
				ENABLE_STRICT_OBJC_MSGSEND = YES;
				ENABLE_TESTABILITY = YES;
				GCC_C_LANGUAGE_STANDARD = gnu11;
				GCC_DYNAMIC_NO_PIC = NO;
				GCC_NO_COMMON_BLOCKS = YES;
				GCC_OPTIMIZATION_LEVEL = 0;
				GCC_PREPROCESSOR_DEFINITIONS = (
					"DEBUG=1",
					"$(inherited)",
				);
				GCC_WARN_64_TO_32_BIT_CONVERSION = YES;
				GCC_WARN_ABOUT_RETURN_TYPE = YES_ERROR;
				GCC_WARN_UNDECLARED_SELECTOR = YES;
				GCC_WARN_UNINITIALIZED_AUTOS = YES_AGGRESSIVE;
				GCC_WARN_UNUSED_FUNCTION = YES;
				GCC_WARN_UNUSED_VARIABLE = YES;
				IPHONEOS_DEPLOYMENT_TARGET = 14.1;
				MTL_ENABLE_DEBUG_INFO = INCLUDE_SOURCE;
				MTL_FAST_MATH = YES;
				ONLY_ACTIVE_ARCH = YES;
				SDKROOT = iphoneos;
				SWIFT_ACTIVE_COMPILATION_CONDITIONS = DEBUG;
				SWIFT_OPTIMIZATION_LEVEL = "-Onone";
			};
			name = Debug;
		};
		BDA64445264EE6C500CE8FD2 /* Release */ = {
			isa = XCBuildConfiguration;
			buildSettings = {
				ALWAYS_SEARCH_USER_PATHS = NO;
				CLANG_ANALYZER_NONNULL = YES;
				CLANG_ANALYZER_NUMBER_OBJECT_CONVERSION = YES_AGGRESSIVE;
				CLANG_CXX_LANGUAGE_STANDARD = "gnu++14";
				CLANG_CXX_LIBRARY = "libc++";
				CLANG_ENABLE_MODULES = YES;
				CLANG_ENABLE_OBJC_ARC = YES;
				CLANG_ENABLE_OBJC_WEAK = YES;
				CLANG_WARN_BLOCK_CAPTURE_AUTORELEASING = YES;
				CLANG_WARN_BOOL_CONVERSION = YES;
				CLANG_WARN_COMMA = YES;
				CLANG_WARN_CONSTANT_CONVERSION = YES;
				CLANG_WARN_DEPRECATED_OBJC_IMPLEMENTATIONS = YES;
				CLANG_WARN_DIRECT_OBJC_ISA_USAGE = YES_ERROR;
				CLANG_WARN_DOCUMENTATION_COMMENTS = YES;
				CLANG_WARN_EMPTY_BODY = YES;
				CLANG_WARN_ENUM_CONVERSION = YES;
				CLANG_WARN_INFINITE_RECURSION = YES;
				CLANG_WARN_INT_CONVERSION = YES;
				CLANG_WARN_NON_LITERAL_NULL_CONVERSION = YES;
				CLANG_WARN_OBJC_IMPLICIT_RETAIN_SELF = YES;
				CLANG_WARN_OBJC_LITERAL_CONVERSION = YES;
				CLANG_WARN_OBJC_ROOT_CLASS = YES_ERROR;
				CLANG_WARN_QUOTED_INCLUDE_IN_FRAMEWORK_HEADER = YES;
				CLANG_WARN_RANGE_LOOP_ANALYSIS = YES;
				CLANG_WARN_STRICT_PROTOTYPES = YES;
				CLANG_WARN_SUSPICIOUS_MOVE = YES;
				CLANG_WARN_UNGUARDED_AVAILABILITY = YES_AGGRESSIVE;
				CLANG_WARN_UNREACHABLE_CODE = YES;
				CLANG_WARN__DUPLICATE_METHOD_MATCH = YES;
				COPY_PHASE_STRIP = NO;
				DEBUG_INFORMATION_FORMAT = "dwarf-with-dsym";
				ENABLE_NS_ASSERTIONS = NO;
				ENABLE_STRICT_OBJC_MSGSEND = YES;
				GCC_C_LANGUAGE_STANDARD = gnu11;
				GCC_NO_COMMON_BLOCKS = YES;
				GCC_WARN_64_TO_32_BIT_CONVERSION = YES;
				GCC_WARN_ABOUT_RETURN_TYPE = YES_ERROR;
				GCC_WARN_UNDECLARED_SELECTOR = YES;
				GCC_WARN_UNINITIALIZED_AUTOS = YES_AGGRESSIVE;
				GCC_WARN_UNUSED_FUNCTION = YES;
				GCC_WARN_UNUSED_VARIABLE = YES;
				IPHONEOS_DEPLOYMENT_TARGET = 14.1;
				MTL_ENABLE_DEBUG_INFO = NO;
				MTL_FAST_MATH = YES;
				SDKROOT = iphoneos;
				SWIFT_COMPILATION_MODE = wholemodule;
				SWIFT_OPTIMIZATION_LEVEL = "-O";
				VALIDATE_PRODUCT = YES;
			};
			name = Release;
		};
		BDA64447264EE6C500CE8FD2 /* Debug */ = {
			isa = XCBuildConfiguration;
			buildSettings = {
				ASSETCATALOG_COMPILER_APPICON_NAME = AppIcon;
				ASSETCATALOG_COMPILER_GLOBAL_ACCENT_COLOR_NAME = AccentColor;
				CODE_SIGN_STYLE = Automatic;
				DEVELOPMENT_TEAM = VSF8TU5TG9;
				INFOPLIST_FILE = Patterns/Info.plist;
				LD_RUNPATH_SEARCH_PATHS = (
					"$(inherited)",
					"@executable_path/Frameworks",
				);
				PRODUCT_BUNDLE_IDENTIFIER = com.nicklaspekkarinen.Patterns;
				PRODUCT_NAME = "$(TARGET_NAME)";
				SWIFT_VERSION = 5.0;
				TARGETED_DEVICE_FAMILY = "1,2";
			};
			name = Debug;
		};
		BDA64448264EE6C500CE8FD2 /* Release */ = {
			isa = XCBuildConfiguration;
			buildSettings = {
				ASSETCATALOG_COMPILER_APPICON_NAME = AppIcon;
				ASSETCATALOG_COMPILER_GLOBAL_ACCENT_COLOR_NAME = AccentColor;
				CODE_SIGN_STYLE = Automatic;
				DEVELOPMENT_TEAM = VSF8TU5TG9;
				INFOPLIST_FILE = Patterns/Info.plist;
				LD_RUNPATH_SEARCH_PATHS = (
					"$(inherited)",
					"@executable_path/Frameworks",
				);
				PRODUCT_BUNDLE_IDENTIFIER = com.nicklaspekkarinen.Patterns;
				PRODUCT_NAME = "$(TARGET_NAME)";
				SWIFT_VERSION = 5.0;
				TARGETED_DEVICE_FAMILY = "1,2";
			};
			name = Release;
		};
		BDA6444A264EE6C500CE8FD2 /* Debug */ = {
			isa = XCBuildConfiguration;
			buildSettings = {
				ALWAYS_EMBED_SWIFT_STANDARD_LIBRARIES = YES;
				BUNDLE_LOADER = "$(TEST_HOST)";
				CODE_SIGN_STYLE = Automatic;
				DEVELOPMENT_TEAM = VSF8TU5TG9;
				INFOPLIST_FILE = PatternsTests/Info.plist;
				IPHONEOS_DEPLOYMENT_TARGET = 14.1;
				LD_RUNPATH_SEARCH_PATHS = (
					"$(inherited)",
					"@executable_path/Frameworks",
					"@loader_path/Frameworks",
				);
				PRODUCT_BUNDLE_IDENTIFIER = com.nicklaspekkarinen.PatternsTests;
				PRODUCT_NAME = "$(TARGET_NAME)";
				SWIFT_VERSION = 5.0;
				TARGETED_DEVICE_FAMILY = "1,2";
				TEST_HOST = "$(BUILT_PRODUCTS_DIR)/Patterns.app/Patterns";
			};
			name = Debug;
		};
		BDA6444B264EE6C500CE8FD2 /* Release */ = {
			isa = XCBuildConfiguration;
			buildSettings = {
				ALWAYS_EMBED_SWIFT_STANDARD_LIBRARIES = YES;
				BUNDLE_LOADER = "$(TEST_HOST)";
				CODE_SIGN_STYLE = Automatic;
				DEVELOPMENT_TEAM = VSF8TU5TG9;
				INFOPLIST_FILE = PatternsTests/Info.plist;
				IPHONEOS_DEPLOYMENT_TARGET = 14.1;
				LD_RUNPATH_SEARCH_PATHS = (
					"$(inherited)",
					"@executable_path/Frameworks",
					"@loader_path/Frameworks",
				);
				PRODUCT_BUNDLE_IDENTIFIER = com.nicklaspekkarinen.PatternsTests;
				PRODUCT_NAME = "$(TARGET_NAME)";
				SWIFT_VERSION = 5.0;
				TARGETED_DEVICE_FAMILY = "1,2";
				TEST_HOST = "$(BUILT_PRODUCTS_DIR)/Patterns.app/Patterns";
			};
			name = Release;
		};
		BDA6444D264EE6C500CE8FD2 /* Debug */ = {
			isa = XCBuildConfiguration;
			buildSettings = {
				ALWAYS_EMBED_SWIFT_STANDARD_LIBRARIES = YES;
				CODE_SIGN_STYLE = Automatic;
				DEVELOPMENT_TEAM = VSF8TU5TG9;
				INFOPLIST_FILE = PatternsUITests/Info.plist;
				LD_RUNPATH_SEARCH_PATHS = (
					"$(inherited)",
					"@executable_path/Frameworks",
					"@loader_path/Frameworks",
				);
				PRODUCT_BUNDLE_IDENTIFIER = com.nicklaspekkarinen.PatternsUITests;
				PRODUCT_NAME = "$(TARGET_NAME)";
				SWIFT_VERSION = 5.0;
				TARGETED_DEVICE_FAMILY = "1,2";
				TEST_TARGET_NAME = Patterns;
			};
			name = Debug;
		};
		BDA6444E264EE6C500CE8FD2 /* Release */ = {
			isa = XCBuildConfiguration;
			buildSettings = {
				ALWAYS_EMBED_SWIFT_STANDARD_LIBRARIES = YES;
				CODE_SIGN_STYLE = Automatic;
				DEVELOPMENT_TEAM = VSF8TU5TG9;
				INFOPLIST_FILE = PatternsUITests/Info.plist;
				LD_RUNPATH_SEARCH_PATHS = (
					"$(inherited)",
					"@executable_path/Frameworks",
					"@loader_path/Frameworks",
				);
				PRODUCT_BUNDLE_IDENTIFIER = com.nicklaspekkarinen.PatternsUITests;
				PRODUCT_NAME = "$(TARGET_NAME)";
				SWIFT_VERSION = 5.0;
				TARGETED_DEVICE_FAMILY = "1,2";
				TEST_TARGET_NAME = Patterns;
			};
			name = Release;
		};
/* End XCBuildConfiguration section */

/* Begin XCConfigurationList section */
		BDA64417264EE6C100CE8FD2 /* Build configuration list for PBXProject "Patterns" */ = {
			isa = XCConfigurationList;
			buildConfigurations = (
				BDA64444264EE6C500CE8FD2 /* Debug */,
				BDA64445264EE6C500CE8FD2 /* Release */,
			);
			defaultConfigurationIsVisible = 0;
			defaultConfigurationName = Release;
		};
		BDA64446264EE6C500CE8FD2 /* Build configuration list for PBXNativeTarget "Patterns" */ = {
			isa = XCConfigurationList;
			buildConfigurations = (
				BDA64447264EE6C500CE8FD2 /* Debug */,
				BDA64448264EE6C500CE8FD2 /* Release */,
			);
			defaultConfigurationIsVisible = 0;
			defaultConfigurationName = Release;
		};
		BDA64449264EE6C500CE8FD2 /* Build configuration list for PBXNativeTarget "PatternsTests" */ = {
			isa = XCConfigurationList;
			buildConfigurations = (
				BDA6444A264EE6C500CE8FD2 /* Debug */,
				BDA6444B264EE6C500CE8FD2 /* Release */,
			);
			defaultConfigurationIsVisible = 0;
			defaultConfigurationName = Release;
		};
		BDA6444C264EE6C500CE8FD2 /* Build configuration list for PBXNativeTarget "PatternsUITests" */ = {
			isa = XCConfigurationList;
			buildConfigurations = (
				BDA6444D264EE6C500CE8FD2 /* Debug */,
				BDA6444E264EE6C500CE8FD2 /* Release */,
			);
			defaultConfigurationIsVisible = 0;
			defaultConfigurationName = Release;
		};
/* End XCConfigurationList section */
	};
	rootObject = BDA64414264EE6C100CE8FD2 /* Project object */;
}
